
Microsoft Visual Studio Solution File, Format Version 12.00
# Visual Studio Version 16
VisualStudioVersion = 16.0.33927.289
MinimumVisualStudioVersion = 10.0.40219.1
Project("{FAE04EC0-301F-11D3-BF4B-00C04F79EFBC}") = "Proyecto", "Proyecto.csproj", "{46F39EBF-3ADD-48D9-931F-1F1CD79A7372}"
EndProject
Global
	GlobalSection(SolutionConfigurationPlatforms) = preSolution
		Debug|Any CPU = Debug|Any CPU
		Release|Any CPU = Release|Any CPU
	EndGlobalSection
	GlobalSection(ProjectConfigurationPlatforms) = postSolution
		{46F39EBF-3ADD-48D9-931F-1F1CD79A7372}.Debug|Any CPU.ActiveCfg = Debug|Any CPU
		{46F39EBF-3ADD-48D9-931F-1F1CD79A7372}.Debug|Any CPU.Build.0 = Debug|Any CPU
		{46F39EBF-3ADD-48D9-931F-1F1CD79A7372}.Release|Any CPU.ActiveCfg = Release|Any CPU
		{46F39EBF-3ADD-48D9-931F-1F1CD79A7372}.Release|Any CPU.Build.0 = Release|Any CPU
	EndGlobalSection
	GlobalSection(SolutionProperties) = preSolution
		HideSolutionNode = FALSE
	EndGlobalSection
	GlobalSection(ExtensibilityGlobals) = postSolution
		SolutionGuid = {25B70F84-1F5A-4303-9264-3134D97596FB}
	EndGlobalSection
EndGlobal
